
Microsoft Visual Studio Solution File, Format Version 12.00
# Visual Studio Version 16
VisualStudioVersion = 16.0.30611.23
MinimumVisualStudioVersion = 10.0.40219.1
Project("{FAE04EC0-301F-11D3-BF4B-00C04F79EFBC}") = "ScroogeCoin", "ScroogeCoin\ScroogeCoin.csproj", "{DF903FFA-6FB4-4CC6-B7BD-0C4D6C398EB3}"
EndProject
Global
	GlobalSection(SolutionConfigurationPlatforms) = preSolution
		Debug|Any CPU = Debug|Any CPU
		Release|Any CPU = Release|Any CPU
	EndGlobalSection
	GlobalSection(ProjectConfigurationPlatforms) = postSolution
		{DF903FFA-6FB4-4CC6-B7BD-0C4D6C398EB3}.Debug|Any CPU.ActiveCfg = Debug|Any CPU
		{DF903FFA-6FB4-4CC6-B7BD-0C4D6C398EB3}.Debug|Any CPU.Build.0 = Debug|Any CPU
		{DF903FFA-6FB4-4CC6-B7BD-0C4D6C398EB3}.Release|Any CPU.ActiveCfg = Release|Any CPU
		{DF903FFA-6FB4-4CC6-B7BD-0C4D6C398EB3}.Release|Any CPU.Build.0 = Release|Any CPU
	EndGlobalSection
	GlobalSection(SolutionProperties) = preSolution
		HideSolutionNode = FALSE
	EndGlobalSection
	GlobalSection(ExtensibilityGlobals) = postSolution
		SolutionGuid = {AE853DE0-18CB-4138-9765-1CD777877C00}
	EndGlobalSection
EndGlobal
